// !$*UTF8*$!
{
	archiveVersion = 1;
	classes = {
	};
	objectVersion = 56;
	objects = {

/* Begin PBXBuildFile section */
		4868BECD2BDB421900241763 /* AppDelegate.swift in Sources */ = {isa = PBXBuildFile; fileRef = 4868BECC2BDB421900241763 /* AppDelegate.swift */; };
		4868BECF2BDB421900241763 /* SceneDelegate.swift in Sources */ = {isa = PBXBuildFile; fileRef = 4868BECE2BDB421900241763 /* SceneDelegate.swift */; };
		4868BED12BDB421900241763 /* StatesTableViewController.swift in Sources */ = {isa = PBXBuildFile; fileRef = 4868BED02BDB421900241763 /* StatesTableViewController.swift */; };
		4868BED42BDB421900241763 /* Base in Resources */ = {isa = PBXBuildFile; fileRef = 4868BED32BDB421900241763 /* Base */; };
		4868BED62BDB421B00241763 /* Assets.xcassets in Resources */ = {isa = PBXBuildFile; fileRef = 4868BED52BDB421B00241763 /* Assets.xcassets */; };
		4868BED92BDB421B00241763 /* Base in Resources */ = {isa = PBXBuildFile; fileRef = 4868BED82BDB421B00241763 /* Base */; };
		4868BEE42BDB421B00241763 /* MAD_Ind04_Keightley_SimonTests.swift in Sources */ = {isa = PBXBuildFile; fileRef = 4868BEE32BDB421B00241763 /* MAD_Ind04_Keightley_SimonTests.swift */; };
		4868BEEE2BDB421B00241763 /* MAD_Ind04_Keightley_SimonUITests.swift in Sources */ = {isa = PBXBuildFile; fileRef = 4868BEED2BDB421B00241763 /* MAD_Ind04_Keightley_SimonUITests.swift */; };
		4868BEF02BDB421B00241763 /* MAD_Ind04_Keightley_SimonUITestsLaunchTests.swift in Sources */ = {isa = PBXBuildFile; fileRef = 4868BEEF2BDB421B00241763 /* MAD_Ind04_Keightley_SimonUITestsLaunchTests.swift */; };
		4868BEFD2BDCA47900241763 /* Webservice.swift in Sources */ = {isa = PBXBuildFile; fileRef = 4868BEFC2BDCA47900241763 /* Webservice.swift */; };
		4868BEFF2BDCA50800241763 /* State.swift in Sources */ = {isa = PBXBuildFile; fileRef = 4868BEFE2BDCA50800241763 /* State.swift */; };
/* End PBXBuildFile section */

/* Begin PBXContainerItemProxy section */
		4868BEE02BDB421B00241763 /* PBXContainerItemProxy */ = {
			isa = PBXContainerItemProxy;
			containerPortal = 4868BEC12BDB421900241763 /* Project object */;
			proxyType = 1;
			remoteGlobalIDString = 4868BEC82BDB421900241763;
			remoteInfo = MAD_Ind04_Keightley_Simon;
		};
		4868BEEA2BDB421B00241763 /* PBXContainerItemProxy */ = {
			isa = PBXContainerItemProxy;
			containerPortal = 4868BEC12BDB421900241763 /* Project object */;
			proxyType = 1;
			remoteGlobalIDString = 4868BEC82BDB421900241763;
			remoteInfo = MAD_Ind04_Keightley_Simon;
		};
/* End PBXContainerItemProxy section */

/* Begin PBXFileReference section */
		4868BEC92BDB421900241763 /* MAD_Ind04_Keightley_Simon.app */ = {isa = PBXFileReference; explicitFileType = wrapper.application; includeInIndex = 0; path = MAD_Ind04_Keightley_Simon.app; sourceTree = BUILT_PRODUCTS_DIR; };
		4868BECC2BDB421900241763 /* AppDelegate.swift */ = {isa = PBXFileReference; lastKnownFileType = sourcecode.swift; path = AppDelegate.swift; sourceTree = "<group>"; };
		4868BECE2BDB421900241763 /* SceneDelegate.swift */ = {isa = PBXFileReference; lastKnownFileType = sourcecode.swift; path = SceneDelegate.swift; sourceTree = "<group>"; };
		4868BED02BDB421900241763 /* StatesTableViewController.swift */ = {isa = PBXFileReference; lastKnownFileType = sourcecode.swift; path = StatesTableViewController.swift; sourceTree = "<group>"; };
		4868BED32BDB421900241763 /* Base */ = {isa = PBXFileReference; lastKnownFileType = file.storyboard; name = Base; path = Base.lproj/Main.storyboard; sourceTree = "<group>"; };
		4868BED52BDB421B00241763 /* Assets.xcassets */ = {isa = PBXFileReference; lastKnownFileType = folder.assetcatalog; path = Assets.xcassets; sourceTree = "<group>"; };
		4868BED82BDB421B00241763 /* Base */ = {isa = PBXFileReference; lastKnownFileType = file.storyboard; name = Base; path = Base.lproj/LaunchScreen.storyboard; sourceTree = "<group>"; };
		4868BEDA2BDB421B00241763 /* Info.plist */ = {isa = PBXFileReference; lastKnownFileType = text.plist.xml; path = Info.plist; sourceTree = "<group>"; };
		4868BEDF2BDB421B00241763 /* MAD_Ind04_Keightley_SimonTests.xctest */ = {isa = PBXFileReference; explicitFileType = wrapper.cfbundle; includeInIndex = 0; path = MAD_Ind04_Keightley_SimonTests.xctest; sourceTree = BUILT_PRODUCTS_DIR; };
		4868BEE32BDB421B00241763 /* MAD_Ind04_Keightley_SimonTests.swift */ = {isa = PBXFileReference; lastKnownFileType = sourcecode.swift; path = MAD_Ind04_Keightley_SimonTests.swift; sourceTree = "<group>"; };
		4868BEE92BDB421B00241763 /* MAD_Ind04_Keightley_SimonUITests.xctest */ = {isa = PBXFileReference; explicitFileType = wrapper.cfbundle; includeInIndex = 0; path = MAD_Ind04_Keightley_SimonUITests.xctest; sourceTree = BUILT_PRODUCTS_DIR; };
		4868BEED2BDB421B00241763 /* MAD_Ind04_Keightley_SimonUITests.swift */ = {isa = PBXFileReference; lastKnownFileType = sourcecode.swift; path = MAD_Ind04_Keightley_SimonUITests.swift; sourceTree = "<group>"; };
		4868BEEF2BDB421B00241763 /* MAD_Ind04_Keightley_SimonUITestsLaunchTests.swift */ = {isa = PBXFileReference; lastKnownFileType = sourcecode.swift; path = MAD_Ind04_Keightley_SimonUITestsLaunchTests.swift; sourceTree = "<group>"; };
		4868BEFC2BDCA47900241763 /* Webservice.swift */ = {isa = PBXFileReference; lastKnownFileType = sourcecode.swift; path = Webservice.swift; sourceTree = "<group>"; };
		4868BEFE2BDCA50800241763 /* State.swift */ = {isa = PBXFileReference; lastKnownFileType = sourcecode.swift; path = State.swift; sourceTree = "<group>"; };
/* End PBXFileReference section */

/* Begin PBXFrameworksBuildPhase section */
		4868BEC62BDB421900241763 /* Frameworks */ = {
			isa = PBXFrameworksBuildPhase;
			buildActionMask = 2147483647;
			files = (
			);
			runOnlyForDeploymentPostprocessing = 0;
		};
		4868BEDC2BDB421B00241763 /* Frameworks */ = {
			isa = PBXFrameworksBuildPhase;
			buildActionMask = 2147483647;
			files = (
			);
			runOnlyForDeploymentPostprocessing = 0;
		};
		4868BEE62BDB421B00241763 /* Frameworks */ = {
			isa = PBXFrameworksBuildPhase;
			buildActionMask = 2147483647;
			files = (
			);
			runOnlyForDeploymentPostprocessing = 0;
		};
/* End PBXFrameworksBuildPhase section */

/* Begin PBXGroup section */
		4868BEC02BDB421900241763 = {
			isa = PBXGroup;
			children = (
				4868BECB2BDB421900241763 /* MAD_Ind04_Keightley_Simon */,
				4868BEE22BDB421B00241763 /* MAD_Ind04_Keightley_SimonTests */,
				4868BEEC2BDB421B00241763 /* MAD_Ind04_Keightley_SimonUITests */,
				4868BECA2BDB421900241763 /* Products */,
			);
			sourceTree = "<group>";
		};
		4868BECA2BDB421900241763 /* Products */ = {
			isa = PBXGroup;
			children = (
				4868BEC92BDB421900241763 /* MAD_Ind04_Keightley_Simon.app */,
				4868BEDF2BDB421B00241763 /* MAD_Ind04_Keightley_SimonTests.xctest */,
				4868BEE92BDB421B00241763 /* MAD_Ind04_Keightley_SimonUITests.xctest */,
			);
			name = Products;
			sourceTree = "<group>";
		};
		4868BECB2BDB421900241763 /* MAD_Ind04_Keightley_Simon */ = {
			isa = PBXGroup;
			children = (
				4868BECC2BDB421900241763 /* AppDelegate.swift */,
				4868BECE2BDB421900241763 /* SceneDelegate.swift */,
				4868BED02BDB421900241763 /* StatesTableViewController.swift */,
				4868BEFE2BDCA50800241763 /* State.swift */,
				4868BEFC2BDCA47900241763 /* Webservice.swift */,
				4868BED22BDB421900241763 /* Main.storyboard */,
				4868BED52BDB421B00241763 /* Assets.xcassets */,
				4868BED72BDB421B00241763 /* LaunchScreen.storyboard */,
				4868BEDA2BDB421B00241763 /* Info.plist */,
			);
			path = MAD_Ind04_Keightley_Simon;
			sourceTree = "<group>";
		};
		4868BEE22BDB421B00241763 /* MAD_Ind04_Keightley_SimonTests */ = {
			isa = PBXGroup;
			children = (
				4868BEE32BDB421B00241763 /* MAD_Ind04_Keightley_SimonTests.swift */,
			);
			path = MAD_Ind04_Keightley_SimonTests;
			sourceTree = "<group>";
		};
		4868BEEC2BDB421B00241763 /* MAD_Ind04_Keightley_SimonUITests */ = {
			isa = PBXGroup;
			children = (
				4868BEED2BDB421B00241763 /* MAD_Ind04_Keightley_SimonUITests.swift */,
				4868BEEF2BDB421B00241763 /* MAD_Ind04_Keightley_SimonUITestsLaunchTests.swift */,
			);
			path = MAD_Ind04_Keightley_SimonUITests;
			sourceTree = "<group>";
		};
/* End PBXGroup section */

/* Begin PBXNativeTarget section */
		4868BEC82BDB421900241763 /* MAD_Ind04_Keightley_Simon */ = {
			isa = PBXNativeTarget;
			buildConfigurationList = 4868BEF32BDB421B00241763 /* Build configuration list for PBXNativeTarget "MAD_Ind04_Keightley_Simon" */;
			buildPhases = (
				4868BEC52BDB421900241763 /* Sources */,
				4868BEC62BDB421900241763 /* Frameworks */,
				4868BEC72BDB421900241763 /* Resources */,
			);
			buildRules = (
			);
			dependencies = (
			);
			name = MAD_Ind04_Keightley_Simon;
			productName = MAD_Ind04_Keightley_Simon;
			productReference = 4868BEC92BDB421900241763 /* MAD_Ind04_Keightley_Simon.app */;
			productType = "com.apple.product-type.application";
		};
		4868BEDE2BDB421B00241763 /* MAD_Ind04_Keightley_SimonTests */ = {
			isa = PBXNativeTarget;
			buildConfigurationList = 4868BEF62BDB421B00241763 /* Build configuration list for PBXNativeTarget "MAD_Ind04_Keightley_SimonTests" */;
			buildPhases = (
				4868BEDB2BDB421B00241763 /* Sources */,
				4868BEDC2BDB421B00241763 /* Frameworks */,
				4868BEDD2BDB421B00241763 /* Resources */,
			);
			buildRules = (
			);
			dependencies = (
				4868BEE12BDB421B00241763 /* PBXTargetDependency */,
			);
			name = MAD_Ind04_Keightley_SimonTests;
			productName = MAD_Ind04_Keightley_SimonTests;
			productReference = 4868BEDF2BDB421B00241763 /* MAD_Ind04_Keightley_SimonTests.xctest */;
			productType = "com.apple.product-type.bundle.unit-test";
		};
		4868BEE82BDB421B00241763 /* MAD_Ind04_Keightley_SimonUITests */ = {
			isa = PBXNativeTarget;
			buildConfigurationList = 4868BEF92BDB421B00241763 /* Build configuration list for PBXNativeTarget "MAD_Ind04_Keightley_SimonUITests" */;
			buildPhases = (
				4868BEE52BDB421B00241763 /* Sources */,
				4868BEE62BDB421B00241763 /* Frameworks */,
				4868BEE72BDB421B00241763 /* Resources */,
			);
			buildRules = (
			);
			dependencies = (
				4868BEEB2BDB421B00241763 /* PBXTargetDependency */,
			);
			name = MAD_Ind04_Keightley_SimonUITests;
			productName = MAD_Ind04_Keightley_SimonUITests;
			productReference = 4868BEE92BDB421B00241763 /* MAD_Ind04_Keightley_SimonUITests.xctest */;
			productType = "com.apple.product-type.bundle.ui-testing";
		};
/* End PBXNativeTarget section */

/* Begin PBXProject section */
		4868BEC12BDB421900241763 /* Project object */ = {
			isa = PBXProject;
			attributes = {
				BuildIndependentTargetsInParallel = 1;
				LastSwiftUpdateCheck = 1530;
				LastUpgradeCheck = 1530;
				TargetAttributes = {
					4868BEC82BDB421900241763 = {
						CreatedOnToolsVersion = 15.3;
					};
					4868BEDE2BDB421B00241763 = {
						CreatedOnToolsVersion = 15.3;
						TestTargetID = 4868BEC82BDB421900241763;
					};
					4868BEE82BDB421B00241763 = {
						CreatedOnToolsVersion = 15.3;
						TestTargetID = 4868BEC82BDB421900241763;
					};
				};
			};
			buildConfigurationList = 4868BEC42BDB421900241763 /* Build configuration list for PBXProject "MAD_Ind04_Keightley_Simon" */;
			compatibilityVersion = "Xcode 14.0";
			developmentRegion = en;
			hasScannedForEncodings = 0;
			knownRegions = (
				en,
				Base,
			);
			mainGroup = 4868BEC02BDB421900241763;
			productRefGroup = 4868BECA2BDB421900241763 /* Products */;
			projectDirPath = "";
			projectRoot = "";
			targets = (
				4868BEC82BDB421900241763 /* MAD_Ind04_Keightley_Simon */,
				4868BEDE2BDB421B00241763 /* MAD_Ind04_Keightley_SimonTests */,
				4868BEE82BDB421B00241763 /* MAD_Ind04_Keightley_SimonUITests */,
			);
		};
/* End PBXProject section */

/* Begin PBXResourcesBuildPhase section */
		4868BEC72BDB421900241763 /* Resources */ = {
			isa = PBXResourcesBuildPhase;
			buildActionMask = 2147483647;
			files = (
				4868BED62BDB421B00241763 /* Assets.xcassets in Resources */,
				4868BED92BDB421B00241763 /* Base in Resources */,
				4868BED42BDB421900241763 /* Base in Resources */,
			);
			runOnlyForDeploymentPostprocessing = 0;
		};
		4868BEDD2BDB421B00241763 /* Resources */ = {
			isa = PBXResourcesBuildPhase;
			buildActionMask = 2147483647;
			files = (
			);
			runOnlyForDeploymentPostprocessing = 0;
		};
		4868BEE72BDB421B00241763 /* Resources */ = {
			isa = PBXResourcesBuildPhase;
			buildActionMask = 2147483647;
			files = (
			);
			runOnlyForDeploymentPostprocessing = 0;
		};
/* End PBXResourcesBuildPhase section */

/* Begin PBXSourcesBuildPhase section */
		4868BEC52BDB421900241763 /* Sources */ = {
			isa = PBXSourcesBuildPhase;
			buildActionMask = 2147483647;
			files = (
				4868BED12BDB421900241763 /* StatesTableViewController.swift in Sources */,
				4868BECD2BDB421900241763 /* AppDelegate.swift in Sources */,
				4868BEFD2BDCA47900241763 /* Webservice.swift in Sources */,
				4868BEFF2BDCA50800241763 /* State.swift in Sources */,
				4868BECF2BDB421900241763 /* SceneDelegate.swift in Sources */,
			);
			runOnlyForDeploymentPostprocessing = 0;
		};
		4868BEDB2BDB421B00241763 /* Sources */ = {
			isa = PBXSourcesBuildPhase;
			buildActionMask = 2147483647;
			files = (
				4868BEE42BDB421B00241763 /* MAD_Ind04_Keightley_SimonTests.swift in Sources */,
			);
			runOnlyForDeploymentPostprocessing = 0;
		};
		4868BEE52BDB421B00241763 /* Sources */ = {
			isa = PBXSourcesBuildPhase;
			buildActionMask = 2147483647;
			files = (
				4868BEEE2BDB421B00241763 /* MAD_Ind04_Keightley_SimonUITests.swift in Sources */,
				4868BEF02BDB421B00241763 /* MAD_Ind04_Keightley_SimonUITestsLaunchTests.swift in Sources */,
			);
			runOnlyForDeploymentPostprocessing = 0;
		};
/* End PBXSourcesBuildPhase section */

/* Begin PBXTargetDependency section */
		4868BEE12BDB421B00241763 /* PBXTargetDependency */ = {
			isa = PBXTargetDependency;
			target = 4868BEC82BDB421900241763 /* MAD_Ind04_Keightley_Simon */;
			targetProxy = 4868BEE02BDB421B00241763 /* PBXContainerItemProxy */;
		};
		4868BEEB2BDB421B00241763 /* PBXTargetDependency */ = {
			isa = PBXTargetDependency;
			target = 4868BEC82BDB421900241763 /* MAD_Ind04_Keightley_Simon */;
			targetProxy = 4868BEEA2BDB421B00241763 /* PBXContainerItemProxy */;
		};
/* End PBXTargetDependency section */

/* Begin PBXVariantGroup section */
		4868BED22BDB421900241763 /* Main.storyboard */ = {
			isa = PBXVariantGroup;
			children = (
				4868BED32BDB421900241763 /* Base */,
			);
			name = Main.storyboard;
			sourceTree = "<group>";
		};
		4868BED72BDB421B00241763 /* LaunchScreen.storyboard */ = {
			isa = PBXVariantGroup;
			children = (
				4868BED82BDB421B00241763 /* Base */,
			);
			name = LaunchScreen.storyboard;
			sourceTree = "<group>";
		};
/* End PBXVariantGroup section */

/* Begin XCBuildConfiguration section */
		4868BEF12BDB421B00241763 /* Debug */ = {
			isa = XCBuildConfiguration;
			buildSettings = {
				ALWAYS_SEARCH_USER_PATHS = NO;
				ASSETCATALOG_COMPILER_GENERATE_SWIFT_ASSET_SYMBOL_EXTENSIONS = YES;
				CLANG_ANALYZER_NONNULL = YES;
				CLANG_ANALYZER_NUMBER_OBJECT_CONVERSION = YES_AGGRESSIVE;
				CLANG_CXX_LANGUAGE_STANDARD = "gnu++20";
				CLANG_ENABLE_MODULES = YES;
				CLANG_ENABLE_OBJC_ARC = YES;
				CLANG_ENABLE_OBJC_WEAK = YES;
				CLANG_WARN_BLOCK_CAPTURE_AUTORELEASING = YES;
				CLANG_WARN_BOOL_CONVERSION = YES;
				CLANG_WARN_COMMA = YES;
				CLANG_WARN_CONSTANT_CONVERSION = YES;
				CLANG_WARN_DEPRECATED_OBJC_IMPLEMENTATIONS = YES;
				CLANG_WARN_DIRECT_OBJC_ISA_USAGE = YES_ERROR;
				CLANG_WARN_DOCUMENTATION_COMMENTS = YES;
				CLANG_WARN_EMPTY_BODY = YES;
				CLANG_WARN_ENUM_CONVERSION = YES;
				CLANG_WARN_INFINITE_RECURSION = YES;
				CLANG_WARN_INT_CONVERSION = YES;
				CLANG_WARN_NON_LITERAL_NULL_CONVERSION = YES;
				CLANG_WARN_OBJC_IMPLICIT_RETAIN_SELF = YES;
				CLANG_WARN_OBJC_LITERAL_CONVERSION = YES;
				CLANG_WARN_OBJC_ROOT_CLASS = YES_ERROR;
				CLANG_WARN_QUOTED_INCLUDE_IN_FRAMEWORK_HEADER = YES;
				CLANG_WARN_RANGE_LOOP_ANALYSIS = YES;
				CLANG_WARN_STRICT_PROTOTYPES = YES;
				CLANG_WARN_SUSPICIOUS_MOVE = YES;
				CLANG_WARN_UNGUARDED_AVAILABILITY = YES_AGGRESSIVE;
				CLANG_WARN_UNREACHABLE_CODE = YES;
				CLANG_WARN__DUPLICATE_METHOD_MATCH = YES;
				COPY_PHASE_STRIP = NO;
				DEBUG_INFORMATION_FORMAT = dwarf;
				ENABLE_STRICT_OBJC_MSGSEND = YES;
				ENABLE_TESTABILITY = YES;
				ENABLE_USER_SCRIPT_SANDBOXING = YES;
				GCC_C_LANGUAGE_STANDARD = gnu17;
				GCC_DYNAMIC_NO_PIC = NO;
				GCC_NO_COMMON_BLOCKS = YES;
				GCC_OPTIMIZATION_LEVEL = 0;
				GCC_PREPROCESSOR_DEFINITIONS = (
					"DEBUG=1",
					"$(inherited)",
				);
				GCC_WARN_64_TO_32_BIT_CONVERSION = YES;
				GCC_WARN_ABOUT_RETURN_TYPE = YES_ERROR;
				GCC_WARN_UNDECLARED_SELECTOR = YES;
				GCC_WARN_UNINITIALIZED_AUTOS = YES_AGGRESSIVE;
				GCC_WARN_UNUSED_FUNCTION = YES;
				GCC_WARN_UNUSED_VARIABLE = YES;
				IPHONEOS_DEPLOYMENT_TARGET = 17.4;
				LOCALIZATION_PREFERS_STRING_CATALOGS = YES;
				MTL_ENABLE_DEBUG_INFO = INCLUDE_SOURCE;
				MTL_FAST_MATH = YES;
				ONLY_ACTIVE_ARCH = YES;
				SDKROOT = iphoneos;
				SWIFT_ACTIVE_COMPILATION_CONDITIONS = "DEBUG $(inherited)";
				SWIFT_OPTIMIZATION_LEVEL = "-Onone";
			};
			name = Debug;
		};
		4868BEF22BDB421B00241763 /* Release */ = {
			isa = XCBuildConfiguration;
			buildSettings = {
				ALWAYS_SEARCH_USER_PATHS = NO;
				ASSETCATALOG_COMPILER_GENERATE_SWIFT_ASSET_SYMBOL_EXTENSIONS = YES;
				CLANG_ANALYZER_NONNULL = YES;
				CLANG_ANALYZER_NUMBER_OBJECT_CONVERSION = YES_AGGRESSIVE;
				CLANG_CXX_LANGUAGE_STANDARD = "gnu++20";
				CLANG_ENABLE_MODULES = YES;
				CLANG_ENABLE_OBJC_ARC = YES;
				CLANG_ENABLE_OBJC_WEAK = YES;
				CLANG_WARN_BLOCK_CAPTURE_AUTORELEASING = YES;
				CLANG_WARN_BOOL_CONVERSION = YES;
				CLANG_WARN_COMMA = YES;
				CLANG_WARN_CONSTANT_CONVERSION = YES;
				CLANG_WARN_DEPRECATED_OBJC_IMPLEMENTATIONS = YES;
				CLANG_WARN_DIRECT_OBJC_ISA_USAGE = YES_ERROR;
				CLANG_WARN_DOCUMENTATION_COMMENTS = YES;
				CLANG_WARN_EMPTY_BODY = YES;
				CLANG_WARN_ENUM_CONVERSION = YES;
				CLANG_WARN_INFINITE_RECURSION = YES;
				CLANG_WARN_INT_CONVERSION = YES;
				CLANG_WARN_NON_LITERAL_NULL_CONVERSION = YES;
				CLANG_WARN_OBJC_IMPLICIT_RETAIN_SELF = YES;
				CLANG_WARN_OBJC_LITERAL_CONVERSION = YES;
				CLANG_WARN_OBJC_ROOT_CLASS = YES_ERROR;
				CLANG_WARN_QUOTED_INCLUDE_IN_FRAMEWORK_HEADER = YES;
				CLANG_WARN_RANGE_LOOP_ANALYSIS = YES;
				CLANG_WARN_STRICT_PROTOTYPES = YES;
				CLANG_WARN_SUSPICIOUS_MOVE = YES;
				CLANG_WARN_UNGUARDED_AVAILABILITY = YES_AGGRESSIVE;
				CLANG_WARN_UNREACHABLE_CODE = YES;
				CLANG_WARN__DUPLICATE_METHOD_MATCH = YES;
				COPY_PHASE_STRIP = NO;
				DEBUG_INFORMATION_FORMAT = "dwarf-with-dsym";
				ENABLE_NS_ASSERTIONS = NO;
				ENABLE_STRICT_OBJC_MSGSEND = YES;
				ENABLE_USER_SCRIPT_SANDBOXING = YES;
				GCC_C_LANGUAGE_STANDARD = gnu17;
				GCC_NO_COMMON_BLOCKS = YES;
				GCC_WARN_64_TO_32_BIT_CONVERSION = YES;
				GCC_WARN_ABOUT_RETURN_TYPE = YES_ERROR;
				GCC_WARN_UNDECLARED_SELECTOR = YES;
				GCC_WARN_UNINITIALIZED_AUTOS = YES_AGGRESSIVE;
				GCC_WARN_UNUSED_FUNCTION = YES;
				GCC_WARN_UNUSED_VARIABLE = YES;
				IPHONEOS_DEPLOYMENT_TARGET = 17.4;
				LOCALIZATION_PREFERS_STRING_CATALOGS = YES;
				MTL_ENABLE_DEBUG_INFO = NO;
				MTL_FAST_MATH = YES;
				SDKROOT = iphoneos;
				SWIFT_COMPILATION_MODE = wholemodule;
				VALIDATE_PRODUCT = YES;
			};
			name = Release;
		};
		4868BEF42BDB421B00241763 /* Debug */ = {
			isa = XCBuildConfiguration;
			buildSettings = {
				ASSETCATALOG_COMPILER_APPICON_NAME = AppIcon;
				ASSETCATALOG_COMPILER_GLOBAL_ACCENT_COLOR_NAME = AccentColor;
				CODE_SIGN_STYLE = Automatic;
				CURRENT_PROJECT_VERSION = 1;
				GENERATE_INFOPLIST_FILE = YES;
				INFOPLIST_FILE = MAD_Ind04_Keightley_Simon/Info.plist;
				INFOPLIST_KEY_UIApplicationSupportsIndirectInputEvents = YES;
				INFOPLIST_KEY_UILaunchStoryboardName = LaunchScreen;
				INFOPLIST_KEY_UIMainStoryboardFile = Main;
				INFOPLIST_KEY_UISupportedInterfaceOrientations_iPad = "UIInterfaceOrientationPortrait UIInterfaceOrientationPortraitUpsideDown UIInterfaceOrientationLandscapeLeft UIInterfaceOrientationLandscapeRight";
				INFOPLIST_KEY_UISupportedInterfaceOrientations_iPhone = "UIInterfaceOrientationPortrait UIInterfaceOrientationLandscapeLeft UIInterfaceOrientationLandscapeRight";
				LD_RUNPATH_SEARCH_PATHS = (
					"$(inherited)",
					"@executable_path/Frameworks",
				);
				MARKETING_VERSION = 1.0;
				PRODUCT_BUNDLE_IDENTIFIER = "edu.okstate.skeight.MAD-Ind04-Keightley-Simon";
				PRODUCT_NAME = "$(TARGET_NAME)";
				SWIFT_EMIT_LOC_STRINGS = YES;
				SWIFT_VERSION = 5.0;
				TARGETED_DEVICE_FAMILY = "1,2";
			};
			name = Debug;
		};
		4868BEF52BDB421B00241763 /* Release */ = {
			isa = XCBuildConfiguration;
			buildSettings = {
				ASSETCATALOG_COMPILER_APPICON_NAME = AppIcon;
				ASSETCATALOG_COMPILER_GLOBAL_ACCENT_COLOR_NAME = AccentColor;
				CODE_SIGN_STYLE = Automatic;
				CURRENT_PROJECT_VERSION = 1;
				GENERATE_INFOPLIST_FILE = YES;
				INFOPLIST_FILE = MAD_Ind04_Keightley_Simon/Info.plist;
				INFOPLIST_KEY_UIApplicationSupportsIndirectInputEvents = YES;
				INFOPLIST_KEY_UILaunchStoryboardName = LaunchScreen;
				INFOPLIST_KEY_UIMainStoryboardFile = Main;
				INFOPLIST_KEY_UISupportedInterfaceOrientations_iPad = "UIInterfaceOrientationPortrait UIInterfaceOrientationPortraitUpsideDown UIInterfaceOrientationLandscapeLeft UIInterfaceOrientationLandscapeRight";
				INFOPLIST_KEY_UISupportedInterfaceOrientations_iPhone = "UIInterfaceOrientationPortrait UIInterfaceOrientationLandscapeLeft UIInterfaceOrientationLandscapeRight";
				LD_RUNPATH_SEARCH_PATHS = (
					"$(inherited)",
					"@executable_path/Frameworks",
				);
				MARKETING_VERSION = 1.0;
				PRODUCT_BUNDLE_IDENTIFIER = "edu.okstate.skeight.MAD-Ind04-Keightley-Simon";
				PRODUCT_NAME = "$(TARGET_NAME)";
				SWIFT_EMIT_LOC_STRINGS = YES;
				SWIFT_VERSION = 5.0;
				TARGETED_DEVICE_FAMILY = "1,2";
			};
			name = Release;
		};
		4868BEF72BDB421B00241763 /* Debug */ = {
			isa = XCBuildConfiguration;
			buildSettings = {
				ALWAYS_EMBED_SWIFT_STANDARD_LIBRARIES = YES;
				BUNDLE_LOADER = "$(TEST_HOST)";
				CODE_SIGN_STYLE = Automatic;
				CURRENT_PROJECT_VERSION = 1;
				GENERATE_INFOPLIST_FILE = YES;
				IPHONEOS_DEPLOYMENT_TARGET = 17.4;
				MARKETING_VERSION = 1.0;
				PRODUCT_BUNDLE_IDENTIFIER = "edu.okstate.skeight.MAD-Ind04-Keightley-SimonTests";
				PRODUCT_NAME = "$(TARGET_NAME)";
				SWIFT_EMIT_LOC_STRINGS = NO;
				SWIFT_VERSION = 5.0;
				TARGETED_DEVICE_FAMILY = "1,2";
				TEST_HOST = "$(BUILT_PRODUCTS_DIR)/MAD_Ind04_Keightley_Simon.app/$(BUNDLE_EXECUTABLE_FOLDER_PATH)/MAD_Ind04_Keightley_Simon";
			};
			name = Debug;
		};
		4868BEF82BDB421B00241763 /* Release */ = {
			isa = XCBuildConfiguration;
			buildSettings = {
				ALWAYS_EMBED_SWIFT_STANDARD_LIBRARIES = YES;
				BUNDLE_LOADER = "$(TEST_HOST)";
				CODE_SIGN_STYLE = Automatic;
				CURRENT_PROJECT_VERSION = 1;
				GENERATE_INFOPLIST_FILE = YES;
				IPHONEOS_DEPLOYMENT_TARGET = 17.4;
				MARKETING_VERSION = 1.0;
				PRODUCT_BUNDLE_IDENTIFIER = "edu.okstate.skeight.MAD-Ind04-Keightley-SimonTests";
				PRODUCT_NAME = "$(TARGET_NAME)";
				SWIFT_EMIT_LOC_STRINGS = NO;
				SWIFT_VERSION = 5.0;
				TARGETED_DEVICE_FAMILY = "1,2";
				TEST_HOST = "$(BUILT_PRODUCTS_DIR)/MAD_Ind04_Keightley_Simon.app/$(BUNDLE_EXECUTABLE_FOLDER_PATH)/MAD_Ind04_Keightley_Simon";
			};
			name = Release;
		};
		4868BEFA2BDB421B00241763 /* Debug */ = {
			isa = XCBuildConfiguration;
			buildSettings = {
				ALWAYS_EMBED_SWIFT_STANDARD_LIBRARIES = YES;
				CODE_SIGN_STYLE = Automatic;
				CURRENT_PROJECT_VERSION = 1;
				GENERATE_INFOPLIST_FILE = YES;
				MARKETING_VERSION = 1.0;
				PRODUCT_BUNDLE_IDENTIFIER = "edu.okstate.skeight.MAD-Ind04-Keightley-SimonUITests";
				PRODUCT_NAME = "$(TARGET_NAME)";
				SWIFT_EMIT_LOC_STRINGS = NO;
				SWIFT_VERSION = 5.0;
				TARGETED_DEVICE_FAMILY = "1,2";
				TEST_TARGET_NAME = MAD_Ind04_Keightley_Simon;
			};
			name = Debug;
		};
		4868BEFB2BDB421B00241763 /* Release */ = {
			isa = XCBuildConfiguration;
			buildSettings = {
				ALWAYS_EMBED_SWIFT_STANDARD_LIBRARIES = YES;
				CODE_SIGN_STYLE = Automatic;
				CURRENT_PROJECT_VERSION = 1;
				GENERATE_INFOPLIST_FILE = YES;
				MARKETING_VERSION = 1.0;
				PRODUCT_BUNDLE_IDENTIFIER = "edu.okstate.skeight.MAD-Ind04-Keightley-SimonUITests";
				PRODUCT_NAME = "$(TARGET_NAME)";
				SWIFT_EMIT_LOC_STRINGS = NO;
				SWIFT_VERSION = 5.0;
				TARGETED_DEVICE_FAMILY = "1,2";
				TEST_TARGET_NAME = MAD_Ind04_Keightley_Simon;
			};
			name = Release;
		};
/* End XCBuildConfiguration section */

/* Begin XCConfigurationList section */
		4868BEC42BDB421900241763 /* Build configuration list for PBXProject "MAD_Ind04_Keightley_Simon" */ = {
			isa = XCConfigurationList;
			buildConfigurations = (
				4868BEF12BDB421B00241763 /* Debug */,
				4868BEF22BDB421B00241763 /* Release */,
			);
			defaultConfigurationIsVisible = 0;
			defaultConfigurationName = Release;
		};
		4868BEF32BDB421B00241763 /* Build configuration list for PBXNativeTarget "MAD_Ind04_Keightley_Simon" */ = {
			isa = XCConfigurationList;
			buildConfigurations = (
				4868BEF42BDB421B00241763 /* Debug */,
				4868BEF52BDB421B00241763 /* Release */,
			);
			defaultConfigurationIsVisible = 0;
			defaultConfigurationName = Release;
		};
		4868BEF62BDB421B00241763 /* Build configuration list for PBXNativeTarget "MAD_Ind04_Keightley_SimonTests" */ = {
			isa = XCConfigurationList;
			buildConfigurations = (
				4868BEF72BDB421B00241763 /* Debug */,
				4868BEF82BDB421B00241763 /* Release */,
			);
			defaultConfigurationIsVisible = 0;
			defaultConfigurationName = Release;
		};
		4868BEF92BDB421B00241763 /* Build configuration list for PBXNativeTarget "MAD_Ind04_Keightley_SimonUITests" */ = {
			isa = XCConfigurationList;
			buildConfigurations = (
				4868BEFA2BDB421B00241763 /* Debug */,
				4868BEFB2BDB421B00241763 /* Release */,
			);
			defaultConfigurationIsVisible = 0;
			defaultConfigurationName = Release;
		};
/* End XCConfigurationList section */
	};
	rootObject = 4868BEC12BDB421900241763 /* Project object */;
}
